
Microsoft Visual Studio Solution File, Format Version 12.00
# Visual Studio Version 16
VisualStudioVersion = 16.0.809.5
MinimumVisualStudioVersion = 10.0.40219.1
Project("{FAE04EC0-301F-11D3-BF4B-00C04F79EFBC}") = "DeckOfCardsManager", "DeckOfCardsManager\DeckOfCardsManager.csproj", "{623410B9-C1C8-4EB6-AEDF-B8C64D143830}"
EndProject
Global
	GlobalSection(SolutionConfigurationPlatforms) = preSolution
		Debug|Any CPU = Debug|Any CPU
		Release|Any CPU = Release|Any CPU
	EndGlobalSection
	GlobalSection(ProjectConfigurationPlatforms) = postSolution
		{623410B9-C1C8-4EB6-AEDF-B8C64D143830}.Debug|Any CPU.ActiveCfg = Debug|Any CPU
		{623410B9-C1C8-4EB6-AEDF-B8C64D143830}.Debug|Any CPU.Build.0 = Debug|Any CPU
		{623410B9-C1C8-4EB6-AEDF-B8C64D143830}.Release|Any CPU.ActiveCfg = Release|Any CPU
		{623410B9-C1C8-4EB6-AEDF-B8C64D143830}.Release|Any CPU.Build.0 = Release|Any CPU
	EndGlobalSection
	GlobalSection(SolutionProperties) = preSolution
		HideSolutionNode = FALSE
	EndGlobalSection
	GlobalSection(ExtensibilityGlobals) = postSolution
		SolutionGuid = {F048F236-F00A-46EB-860D-2174FD065BF8}
	EndGlobalSection
EndGlobal
